
Microsoft Visual Studio Solution File, Format Version 12.00
# Visual Studio 15
Project("{FAE04EC0-301F-11D3-BF4B-00C04F79EFBC}") = "SistemaFinanceiro", "SistemaFinanceiro\SistemaFinanceiro.csproj", "{03E8C823-2034-4B14-A357-4702D834BE06}"
EndProject
Project("{FAE04EC0-301F-11D3-BF4B-00C04F79EFBC}") = "Db", "Db\Db.csproj", "{ED47EEFF-ECC4-495B-81A6-033F99140134}"
EndProject
Project("{FAE04EC0-301F-11D3-BF4B-00C04F79EFBC}") = "Modelo", "Modelo\Modelo.csproj", "{20F7A240-8B58-40B7-AB5E-BC7291BF8090}"
EndProject
Project("{FAE04EC0-301F-11D3-BF4B-00C04F79EFBC}") = "Persistencia", "Persistencia\Persistencia.csproj", "{CD1BBDEC-C87B-46C8-97DE-2BCBD7B7400F}"
EndProject
Global
	GlobalSection(SolutionConfigurationPlatforms) = preSolution
		Debug|Any CPU = Debug|Any CPU
		Release|Any CPU = Release|Any CPU
	EndGlobalSection
	GlobalSection(ProjectConfigurationPlatforms) = postSolution
		{03E8C823-2034-4B14-A357-4702D834BE06}.Debug|Any CPU.ActiveCfg = Debug|Any CPU
		{03E8C823-2034-4B14-A357-4702D834BE06}.Debug|Any CPU.Build.0 = Debug|Any CPU
		{03E8C823-2034-4B14-A357-4702D834BE06}.Release|Any CPU.ActiveCfg = Release|Any CPU
		{03E8C823-2034-4B14-A357-4702D834BE06}.Release|Any CPU.Build.0 = Release|Any CPU
		{ED47EEFF-ECC4-495B-81A6-033F99140134}.Debug|Any CPU.ActiveCfg = Debug|Any CPU
		{ED47EEFF-ECC4-495B-81A6-033F99140134}.Debug|Any CPU.Build.0 = Debug|Any CPU
		{ED47EEFF-ECC4-495B-81A6-033F99140134}.Release|Any CPU.ActiveCfg = Release|Any CPU
		{ED47EEFF-ECC4-495B-81A6-033F99140134}.Release|Any CPU.Build.0 = Release|Any CPU
		{20F7A240-8B58-40B7-AB5E-BC7291BF8090}.Debug|Any CPU.ActiveCfg = Debug|Any CPU
		{20F7A240-8B58-40B7-AB5E-BC7291BF8090}.Debug|Any CPU.Build.0 = Debug|Any CPU
		{20F7A240-8B58-40B7-AB5E-BC7291BF8090}.Release|Any CPU.ActiveCfg = Release|Any CPU
		{20F7A240-8B58-40B7-AB5E-BC7291BF8090}.Release|Any CPU.Build.0 = Release|Any CPU
		{CD1BBDEC-C87B-46C8-97DE-2BCBD7B7400F}.Debug|Any CPU.ActiveCfg = Debug|Any CPU
		{CD1BBDEC-C87B-46C8-97DE-2BCBD7B7400F}.Debug|Any CPU.Build.0 = Debug|Any CPU
		{CD1BBDEC-C87B-46C8-97DE-2BCBD7B7400F}.Release|Any CPU.ActiveCfg = Release|Any CPU
		{CD1BBDEC-C87B-46C8-97DE-2BCBD7B7400F}.Release|Any CPU.Build.0 = Release|Any CPU
	EndGlobalSection
EndGlobal
